[[package]]
name = "click"
version = "7.1.2"
description = "Composable command line interface toolkit"
category = "main"
optional = false
python-versions = ">=2.7, !=3.0.*, !=3.1.*, !=3.2.*, !=3.3.*, !=3.4.*"

[[package]]
name = "funcy"
version = "1.15"
description = "A fancy and practical functional tools"
category = "main"
optional = false
python-versions = "*"

[metadata]
lock-version = "1.1"
python-versions = "^3.6"
content-hash = "fc9b0562ca09b61a5d47ef88bb6bf0315b122d3cfc9328cee55742440c0d88ac"

[metadata.files]
click = [
    {file = "click-7.1.2-py2.py3-none-any.whl", hash = "sha256:dacca89f4bfadd5de3d7489b7c8a566eee0d3676333fbb50030263894c38c0dc"},
    {file = "click-7.1.2.tar.gz", hash = "sha256:d2b5255c7c6349bc1bd1e59e08cd12acbbd63ce649f2588755783aa94dfb6b1a"},
]
funcy = [
    {file = "funcy-1.15-py2.py3-none-any.whl", hash = "sha256:c247c3d085e03a89974e0c9e8331e9a79db3768a263556ba896d6c92d665bba2"},
    {file = "funcy-1.15.tar.gz", hash = "sha256:65b746fed572b392d886810a98d56939c6e0d545abb750527a717c21ced21008"},
]
